
Microsoft Visual Studio Solution File, Format Version 12.00
# Visual Studio 2013
VisualStudioVersion = 12.0.30723.0
MinimumVisualStudioVersion = 10.0.40219.1
Project("{FAE04EC0-301F-11D3-BF4B-00C04F79EFBC}") = "Comp297", "Comp297\Comp297.csproj", "{5A47F13F-7FA7-4525-B4DF-A0F23B1018AE}"
EndProject
Project("{2150E333-8FDC-42A3-9474-1A3956D46DE8}") = "Solution Items", "Solution Items", "{B45D1082-5027-4E2F-8F02-03C5367F08C3}"
	ProjectSection(SolutionItems) = preProject
		HTMLPage1.html = HTMLPage1.html
		StyleSheet1.css = StyleSheet1.css
	EndProjectSection
EndProject
Project("{2150E333-8FDC-42A3-9474-1A3956D46DE8}") = "Assets", "Assets", "{B67689BB-8972-414C-BC21-37270A2C7964}"
EndProject
Project("{2150E333-8FDC-42A3-9474-1A3956D46DE8}") = "Script", "Script", "{FE3D7031-5859-4F17-AB24-8C4C1B8233B6}"
EndProject
Project("{2150E333-8FDC-42A3-9474-1A3956D46DE8}") = "CSS", "CSS", "{C806B28E-95A8-44AE-9B16-8179556DE22B}"
	ProjectSection(SolutionItems) = preProject
		StyleSheet1.css = StyleSheet1.css
	EndProjectSection
EndProject
Project("{2150E333-8FDC-42A3-9474-1A3956D46DE8}") = "Audio", "Audio", "{125D4BAC-8F10-4A28-9F3C-51A4EB3A33FC}"
EndProject
Project("{2150E333-8FDC-42A3-9474-1A3956D46DE8}") = "Fonts", "Fonts", "{FCDDDE73-5CD4-4EA1-B81E-9541A82897F7}"
EndProject
Project("{2150E333-8FDC-42A3-9474-1A3956D46DE8}") = "Image", "Image", "{AFE6A5E6-3E80-4CFA-BFB9-826ACF004854}"
EndProject
Project("{2150E333-8FDC-42A3-9474-1A3956D46DE8}") = "lib", "lib", "{F6DBFCF6-7FBE-4A32-9C23-5540EF12C4BD}"
	ProjectSection(SolutionItems) = preProject
		game.ts = game.ts
	EndProjectSection
EndProject
Global
	GlobalSection(SolutionConfigurationPlatforms) = preSolution
		Debug|Any CPU = Debug|Any CPU
		Release|Any CPU = Release|Any CPU
	EndGlobalSection
	GlobalSection(ProjectConfigurationPlatforms) = postSolution
		{5A47F13F-7FA7-4525-B4DF-A0F23B1018AE}.Debug|Any CPU.ActiveCfg = Debug|Any CPU
		{5A47F13F-7FA7-4525-B4DF-A0F23B1018AE}.Debug|Any CPU.Build.0 = Debug|Any CPU
		{5A47F13F-7FA7-4525-B4DF-A0F23B1018AE}.Release|Any CPU.ActiveCfg = Release|Any CPU
		{5A47F13F-7FA7-4525-B4DF-A0F23B1018AE}.Release|Any CPU.Build.0 = Release|Any CPU
	EndGlobalSection
	GlobalSection(SolutionProperties) = preSolution
		HideSolutionNode = FALSE
	EndGlobalSection
	GlobalSection(NestedProjects) = preSolution
		{125D4BAC-8F10-4A28-9F3C-51A4EB3A33FC} = {B67689BB-8972-414C-BC21-37270A2C7964}
		{FCDDDE73-5CD4-4EA1-B81E-9541A82897F7} = {B67689BB-8972-414C-BC21-37270A2C7964}
		{AFE6A5E6-3E80-4CFA-BFB9-826ACF004854} = {B67689BB-8972-414C-BC21-37270A2C7964}
		{F6DBFCF6-7FBE-4A32-9C23-5540EF12C4BD} = {FE3D7031-5859-4F17-AB24-8C4C1B8233B6}
	EndGlobalSection
EndGlobal
